
Microsoft Visual Studio Solution File, Format Version 12.00
# Visual Studio 15
VisualStudioVersion = 15.0.28307.1972
MinimumVisualStudioVersion = 10.0.40219.1
Project("{FAE04EC0-301F-11D3-BF4B-00C04F79EFBC}") = "WebApplication3", "WebApplication3\WebApplication3.csproj", "{AF5A5AB0-2072-4721-B97A-9E42EDBB38EB}"
EndProject
Global
	GlobalSection(SolutionConfigurationPlatforms) = preSolution
		Debug|Any CPU = Debug|Any CPU
		Release|Any CPU = Release|Any CPU
	EndGlobalSection
	GlobalSection(ProjectConfigurationPlatforms) = postSolution
		{AF5A5AB0-2072-4721-B97A-9E42EDBB38EB}.Debug|Any CPU.ActiveCfg = Debug|Any CPU
		{AF5A5AB0-2072-4721-B97A-9E42EDBB38EB}.Debug|Any CPU.Build.0 = Debug|Any CPU
		{AF5A5AB0-2072-4721-B97A-9E42EDBB38EB}.Release|Any CPU.ActiveCfg = Release|Any CPU
		{AF5A5AB0-2072-4721-B97A-9E42EDBB38EB}.Release|Any CPU.Build.0 = Release|Any CPU
	EndGlobalSection
	GlobalSection(SolutionProperties) = preSolution
		HideSolutionNode = FALSE
	EndGlobalSection
	GlobalSection(ExtensibilityGlobals) = postSolution
		SolutionGuid = {2B394F4F-5EAE-42B7-B309-DDA4C6E89506}
	EndGlobalSection
EndGlobal
